
Microsoft Visual Studio Solution File, Format Version 12.00
# Visual Studio 15
VisualStudioVersion = 15.0.26403.7
MinimumVisualStudioVersion = 10.0.40219.1
Project("{FAE04EC0-301F-11D3-BF4B-00C04F79EFBC}") = "LogNhibernateTeste", "LogNhibernateTeste\LogNhibernateTeste.csproj", "{B97748E7-B4D5-4117-B4DC-9DE9320E184C}"
EndProject
Project("{FAE04EC0-301F-11D3-BF4B-00C04F79EFBC}") = "Log.Domain", "Log.Domain\Log.Domain.csproj", "{9D77E84A-D344-4E12-A1B7-1E608FA5A4B8}"
EndProject
Project("{FAE04EC0-301F-11D3-BF4B-00C04F79EFBC}") = "Log.Domain.Mapping", "Log.Domain.Mapping\Log.Domain.Mapping.csproj", "{FEFECCC9-D113-4274-9DB7-3E3C33DD6FCF}"
EndProject
Global
	GlobalSection(SolutionConfigurationPlatforms) = preSolution
		Debug|Any CPU = Debug|Any CPU
		Release|Any CPU = Release|Any CPU
	EndGlobalSection
	GlobalSection(ProjectConfigurationPlatforms) = postSolution
		{B97748E7-B4D5-4117-B4DC-9DE9320E184C}.Debug|Any CPU.ActiveCfg = Debug|Any CPU
		{B97748E7-B4D5-4117-B4DC-9DE9320E184C}.Debug|Any CPU.Build.0 = Debug|Any CPU
		{B97748E7-B4D5-4117-B4DC-9DE9320E184C}.Release|Any CPU.ActiveCfg = Release|Any CPU
		{B97748E7-B4D5-4117-B4DC-9DE9320E184C}.Release|Any CPU.Build.0 = Release|Any CPU
		{9D77E84A-D344-4E12-A1B7-1E608FA5A4B8}.Debug|Any CPU.ActiveCfg = Debug|Any CPU
		{9D77E84A-D344-4E12-A1B7-1E608FA5A4B8}.Debug|Any CPU.Build.0 = Debug|Any CPU
		{9D77E84A-D344-4E12-A1B7-1E608FA5A4B8}.Release|Any CPU.ActiveCfg = Release|Any CPU
		{9D77E84A-D344-4E12-A1B7-1E608FA5A4B8}.Release|Any CPU.Build.0 = Release|Any CPU
		{FEFECCC9-D113-4274-9DB7-3E3C33DD6FCF}.Debug|Any CPU.ActiveCfg = Debug|Any CPU
		{FEFECCC9-D113-4274-9DB7-3E3C33DD6FCF}.Debug|Any CPU.Build.0 = Debug|Any CPU
		{FEFECCC9-D113-4274-9DB7-3E3C33DD6FCF}.Release|Any CPU.ActiveCfg = Release|Any CPU
		{FEFECCC9-D113-4274-9DB7-3E3C33DD6FCF}.Release|Any CPU.Build.0 = Release|Any CPU
	EndGlobalSection
	GlobalSection(SolutionProperties) = preSolution
		HideSolutionNode = FALSE
	EndGlobalSection
EndGlobal
